
Microsoft Visual Studio Solution File, Format Version 12.00
# Visual Studio Version 16
VisualStudioVersion = 16.0.30804.86
MinimumVisualStudioVersion = 10.0.40219.1
Project("{FAE04EC0-301F-11D3-BF4B-00C04F79EFBC}") = "ABCTask", "ABCTask.csproj", "{D25E9DDE-630D-4D41-A325-02B393E6CD21}"
EndProject
Project("{FAE04EC0-301F-11D3-BF4B-00C04F79EFBC}") = "ABCTask.Core", "..\ABCTask.Core\ABCTask.Core.csproj", "{F7EF76D5-517F-4148-9CAA-362202A3D54C}"
EndProject
Project("{FAE04EC0-301F-11D3-BF4B-00C04F79EFBC}") = "ABCTask.Data", "..\ABCTask.Data\ABCTask.Data.csproj", "{5791D346-5EEB-4167-9C59-AED4361E7F36}"
EndProject
Project("{FAE04EC0-301F-11D3-BF4B-00C04F79EFBC}") = "ABCTask.DTO", "..\ABCTask.DTO\ABCTask.DTO.csproj", "{D7EC23AF-196F-4AC6-B45B-B415B7C27FC8}"
EndProject
Project("{FAE04EC0-301F-11D3-BF4B-00C04F79EFBC}") = "ABCTask.Services", "..\ABCTask.Services\ABCTask.Services.csproj", "{BD6DE5A3-9491-4FAB-8DEF-759B93E7A150}"
EndProject
Global
	GlobalSection(SolutionConfigurationPlatforms) = preSolution
		Debug|Any CPU = Debug|Any CPU
		Release|Any CPU = Release|Any CPU
	EndGlobalSection
	GlobalSection(ProjectConfigurationPlatforms) = postSolution
		{D25E9DDE-630D-4D41-A325-02B393E6CD21}.Debug|Any CPU.ActiveCfg = Debug|Any CPU
		{D25E9DDE-630D-4D41-A325-02B393E6CD21}.Debug|Any CPU.Build.0 = Debug|Any CPU
		{D25E9DDE-630D-4D41-A325-02B393E6CD21}.Release|Any CPU.ActiveCfg = Release|Any CPU
		{D25E9DDE-630D-4D41-A325-02B393E6CD21}.Release|Any CPU.Build.0 = Release|Any CPU
		{F7EF76D5-517F-4148-9CAA-362202A3D54C}.Debug|Any CPU.ActiveCfg = Debug|Any CPU
		{F7EF76D5-517F-4148-9CAA-362202A3D54C}.Debug|Any CPU.Build.0 = Debug|Any CPU
		{F7EF76D5-517F-4148-9CAA-362202A3D54C}.Release|Any CPU.ActiveCfg = Release|Any CPU
		{F7EF76D5-517F-4148-9CAA-362202A3D54C}.Release|Any CPU.Build.0 = Release|Any CPU
		{5791D346-5EEB-4167-9C59-AED4361E7F36}.Debug|Any CPU.ActiveCfg = Debug|Any CPU
		{5791D346-5EEB-4167-9C59-AED4361E7F36}.Debug|Any CPU.Build.0 = Debug|Any CPU
		{5791D346-5EEB-4167-9C59-AED4361E7F36}.Release|Any CPU.ActiveCfg = Release|Any CPU
		{5791D346-5EEB-4167-9C59-AED4361E7F36}.Release|Any CPU.Build.0 = Release|Any CPU
		{D7EC23AF-196F-4AC6-B45B-B415B7C27FC8}.Debug|Any CPU.ActiveCfg = Debug|Any CPU
		{D7EC23AF-196F-4AC6-B45B-B415B7C27FC8}.Debug|Any CPU.Build.0 = Debug|Any CPU
		{D7EC23AF-196F-4AC6-B45B-B415B7C27FC8}.Release|Any CPU.ActiveCfg = Release|Any CPU
		{D7EC23AF-196F-4AC6-B45B-B415B7C27FC8}.Release|Any CPU.Build.0 = Release|Any CPU
		{BD6DE5A3-9491-4FAB-8DEF-759B93E7A150}.Debug|Any CPU.ActiveCfg = Debug|Any CPU
		{BD6DE5A3-9491-4FAB-8DEF-759B93E7A150}.Debug|Any CPU.Build.0 = Debug|Any CPU
		{BD6DE5A3-9491-4FAB-8DEF-759B93E7A150}.Release|Any CPU.ActiveCfg = Release|Any CPU
		{BD6DE5A3-9491-4FAB-8DEF-759B93E7A150}.Release|Any CPU.Build.0 = Release|Any CPU
	EndGlobalSection
	GlobalSection(SolutionProperties) = preSolution
		HideSolutionNode = FALSE
	EndGlobalSection
	GlobalSection(ExtensibilityGlobals) = postSolution
		SolutionGuid = {D37CF579-A2A6-4115-9BA8-4BFDF5FEACFB}
	EndGlobalSection
EndGlobal
